
Microsoft Visual Studio Solution File, Format Version 12.00
# Visual Studio Version 17
VisualStudioVersion = 17.7.34024.191
MinimumVisualStudioVersion = 10.0.40219.1
Project("{9A19103F-16F7-4668-BE54-9A1E7A4F7556}") = "CodingChallenge", "CodingChallenge\CodingChallenge.csproj", "{C30ED659-C656-4F5B-932C-B85BD75F4D4D}"
EndProject
Project("{9A19103F-16F7-4668-BE54-9A1E7A4F7556}") = "CodingChallengeTests", "CodingChallengeTests\CodingChallengeTests.csproj", "{EADA9D90-9FAC-4565-92DC-0C5CA6EFECE9}"
EndProject
Global
	GlobalSection(SolutionConfigurationPlatforms) = preSolution
		Debug|Any CPU = Debug|Any CPU
		Release|Any CPU = Release|Any CPU
	EndGlobalSection
	GlobalSection(ProjectConfigurationPlatforms) = postSolution
		{C30ED659-C656-4F5B-932C-B85BD75F4D4D}.Debug|Any CPU.ActiveCfg = Debug|Any CPU
		{C30ED659-C656-4F5B-932C-B85BD75F4D4D}.Debug|Any CPU.Build.0 = Debug|Any CPU
		{C30ED659-C656-4F5B-932C-B85BD75F4D4D}.Release|Any CPU.ActiveCfg = Release|Any CPU
		{C30ED659-C656-4F5B-932C-B85BD75F4D4D}.Release|Any CPU.Build.0 = Release|Any CPU
		{EADA9D90-9FAC-4565-92DC-0C5CA6EFECE9}.Debug|Any CPU.ActiveCfg = Debug|Any CPU
		{EADA9D90-9FAC-4565-92DC-0C5CA6EFECE9}.Debug|Any CPU.Build.0 = Debug|Any CPU
		{EADA9D90-9FAC-4565-92DC-0C5CA6EFECE9}.Release|Any CPU.ActiveCfg = Release|Any CPU
		{EADA9D90-9FAC-4565-92DC-0C5CA6EFECE9}.Release|Any CPU.Build.0 = Release|Any CPU
	EndGlobalSection
	GlobalSection(SolutionProperties) = preSolution
		HideSolutionNode = FALSE
	EndGlobalSection
	GlobalSection(ExtensibilityGlobals) = postSolution
		SolutionGuid = {804D60BA-50C5-4AA5-8D01-363B1BAA33D3}
	EndGlobalSection
EndGlobal
